
Microsoft Visual Studio Solution File, Format Version 9.00
# Visual Studio 2005
Project("{D183A3D8-5FD8-494B-B014-37F57B35E655}") = "LCGMS_ESB_NYCAPS_Extract_XSLT", "LCGMS_ESB_NYCAPS_Extract_XSLT\LCGMS_ESB_NYCAPS_Extract_XSLT.dtproj", "{D6F46750-B588-4F92-BDF2-A45069FC50E0}"
EndProject
Global
	GlobalSection(SourceCodeControl) = preSolution
		SccNumberOfProjects = 2
		SccLocalPath0 = .
		SccProjectUniqueName1 = LCGMS_ESB_NYCAPS_Extract_XSLT\\LCGMS_ESB_NYCAPS_Extract_XSLT.dtproj
		SccLocalPath1 = .
		SccProjectFilePathRelativizedFromConnection1 = LCGMS_ESB_NYCAPS_Extract_XSLT\\
	EndGlobalSection
	GlobalSection(SolutionConfigurationPlatforms) = preSolution
		Development|Default = Development|Default
	EndGlobalSection
	GlobalSection(ProjectConfigurationPlatforms) = postSolution
		{D6F46750-B588-4F92-BDF2-A45069FC50E0}.Development|Default.ActiveCfg = Development
		{D6F46750-B588-4F92-BDF2-A45069FC50E0}.Development|Default.Build.0 = Development
	EndGlobalSection
	GlobalSection(SolutionProperties) = preSolution
		HideSolutionNode = FALSE
	EndGlobalSection
EndGlobal
